
Microsoft Visual Studio Solution File, Format Version 12.00
# Visual Studio Version 16
VisualStudioVersion = 16.0.31205.134
MinimumVisualStudioVersion = 10.0.40219.1
Project("{FAE04EC0-301F-11D3-BF4B-00C04F79EFBC}") = "LanguageLearningGame", "LanguageLearningGame.csproj", "{C6B21540-ECB4-42A5-8C39-907B5425BB61}"
EndProject
Project("{54435603-DBB4-11D2-8724-00A0C9A8B90C}") = "Crow Language Learning", "..\Crow Language Learning\Crow Language Learning.vdproj", "{CADD17F1-97AD-4E41-9160-76ACDF422F71}"
EndProject
Project("{54435603-DBB4-11D2-8724-00A0C9A8B90C}") = "AppSetup", "C:\Users\21930\source\repos\AppSetup\AppSetup.vdproj", "{E8B2853A-F39F-463F-96CB-0C0CE9496C89}"
EndProject
Global
	GlobalSection(SolutionConfigurationPlatforms) = preSolution
		Debug|Any CPU = Debug|Any CPU
		Release|Any CPU = Release|Any CPU
	EndGlobalSection
	GlobalSection(ProjectConfigurationPlatforms) = postSolution
		{C6B21540-ECB4-42A5-8C39-907B5425BB61}.Debug|Any CPU.ActiveCfg = Debug|Any CPU
		{C6B21540-ECB4-42A5-8C39-907B5425BB61}.Debug|Any CPU.Build.0 = Debug|Any CPU
		{C6B21540-ECB4-42A5-8C39-907B5425BB61}.Release|Any CPU.ActiveCfg = Release|Any CPU
		{C6B21540-ECB4-42A5-8C39-907B5425BB61}.Release|Any CPU.Build.0 = Release|Any CPU
		{CADD17F1-97AD-4E41-9160-76ACDF422F71}.Debug|Any CPU.ActiveCfg = Debug
		{CADD17F1-97AD-4E41-9160-76ACDF422F71}.Release|Any CPU.ActiveCfg = Release
		{E8B2853A-F39F-463F-96CB-0C0CE9496C89}.Debug|Any CPU.ActiveCfg = Debug
		{E8B2853A-F39F-463F-96CB-0C0CE9496C89}.Release|Any CPU.ActiveCfg = Release
	EndGlobalSection
	GlobalSection(SolutionProperties) = preSolution
		HideSolutionNode = FALSE
	EndGlobalSection
	GlobalSection(ExtensibilityGlobals) = postSolution
		SolutionGuid = {97727639-0B18-46E0-AEC8-F17EA3C1215F}
	EndGlobalSection
EndGlobal
